
Microsoft Visual Studio Solution File, Format Version 12.00
# Visual Studio Version 17
VisualStudioVersion = 17.9.34723.18
MinimumVisualStudioVersion = 10.0.40219.1
Project("{FAE04EC0-301F-11D3-BF4B-00C04F79EFBC}") = "DiploMini.Server", "DiploMini\DiploMini.Server.csproj", "{A1F97E77-25C6-4A46-9016-DA3CE22008C6}"
EndProject
Project("{FAE04EC0-301F-11D3-BF4B-00C04F79EFBC}") = "DiploMini.Models", "Models\DiploMini.Models.csproj", "{334F4565-3AA7-4881-BD92-D695CEC1B674}"
EndProject
Global
	GlobalSection(SolutionConfigurationPlatforms) = preSolution
		Debug|Any CPU = Debug|Any CPU
		Release|Any CPU = Release|Any CPU
	EndGlobalSection
	GlobalSection(ProjectConfigurationPlatforms) = postSolution
		{A1F97E77-25C6-4A46-9016-DA3CE22008C6}.Debug|Any CPU.ActiveCfg = Debug|Any CPU
		{A1F97E77-25C6-4A46-9016-DA3CE22008C6}.Debug|Any CPU.Build.0 = Debug|Any CPU
		{A1F97E77-25C6-4A46-9016-DA3CE22008C6}.Release|Any CPU.ActiveCfg = Release|Any CPU
		{A1F97E77-25C6-4A46-9016-DA3CE22008C6}.Release|Any CPU.Build.0 = Release|Any CPU
		{334F4565-3AA7-4881-BD92-D695CEC1B674}.Debug|Any CPU.ActiveCfg = Debug|Any CPU
		{334F4565-3AA7-4881-BD92-D695CEC1B674}.Debug|Any CPU.Build.0 = Debug|Any CPU
		{334F4565-3AA7-4881-BD92-D695CEC1B674}.Release|Any CPU.ActiveCfg = Release|Any CPU
		{334F4565-3AA7-4881-BD92-D695CEC1B674}.Release|Any CPU.Build.0 = Release|Any CPU
	EndGlobalSection
	GlobalSection(SolutionProperties) = preSolution
		HideSolutionNode = FALSE
	EndGlobalSection
	GlobalSection(ExtensibilityGlobals) = postSolution
		SolutionGuid = {0E3BBC90-9DEB-4889-9C94-6F6E6A4DC1C1}
	EndGlobalSection
EndGlobal
